
Microsoft Visual Studio Solution File, Format Version 12.00
# Visual Studio 14
VisualStudioVersion = 14.0.25420.1
MinimumVisualStudioVersion = 10.0.40219.1
Project("{FAE04EC0-301F-11D3-BF4B-00C04F79EFBC}") = "Notes", "Notes\Notes.csproj", "{D47F3BD1-3AD2-4342-AC7F-E8E8DD0862E0}"
EndProject
Project("{FAE04EC0-301F-11D3-BF4B-00C04F79EFBC}") = "Notes.Data", "Notes.Data\Notes.Data.csproj", "{F01FA645-EF56-4755-A71C-64F5BE35E57B}"
EndProject
Global
	GlobalSection(SolutionConfigurationPlatforms) = preSolution
		Debug|Any CPU = Debug|Any CPU
		Release|Any CPU = Release|Any CPU
	EndGlobalSection
	GlobalSection(ProjectConfigurationPlatforms) = postSolution
		{D47F3BD1-3AD2-4342-AC7F-E8E8DD0862E0}.Debug|Any CPU.ActiveCfg = Debug|Any CPU
		{D47F3BD1-3AD2-4342-AC7F-E8E8DD0862E0}.Debug|Any CPU.Build.0 = Debug|Any CPU
		{D47F3BD1-3AD2-4342-AC7F-E8E8DD0862E0}.Release|Any CPU.ActiveCfg = Release|Any CPU
		{D47F3BD1-3AD2-4342-AC7F-E8E8DD0862E0}.Release|Any CPU.Build.0 = Release|Any CPU
		{F01FA645-EF56-4755-A71C-64F5BE35E57B}.Debug|Any CPU.ActiveCfg = Debug|Any CPU
		{F01FA645-EF56-4755-A71C-64F5BE35E57B}.Debug|Any CPU.Build.0 = Debug|Any CPU
		{F01FA645-EF56-4755-A71C-64F5BE35E57B}.Release|Any CPU.ActiveCfg = Release|Any CPU
		{F01FA645-EF56-4755-A71C-64F5BE35E57B}.Release|Any CPU.Build.0 = Release|Any CPU
	EndGlobalSection
	GlobalSection(SolutionProperties) = preSolution
		HideSolutionNode = FALSE
	EndGlobalSection
EndGlobal
